// !$*UTF8*$!
{
	archiveVersion = 1;
	classes = {
	};
	objectVersion = 46;
	objects = {

/* Begin PBXBuildFile section */
		7A77BCC5199E449E00ACAFEC /* AppDelegate.swift in Sources */ = {isa = PBXBuildFile; fileRef = 7A77BCC4199E449E00ACAFEC /* AppDelegate.swift */; };
		7A77BCC8199E449E00ACAFEC /* CoreDataSwift.xcdatamodeld in Sources */ = {isa = PBXBuildFile; fileRef = 7A77BCC6199E449E00ACAFEC /* CoreDataSwift.xcdatamodeld */; };
		7A77BCCA199E449E00ACAFEC /* ViewController.swift in Sources */ = {isa = PBXBuildFile; fileRef = 7A77BCC9199E449E00ACAFEC /* ViewController.swift */; };
		7A77BCCD199E449E00ACAFEC /* Main.storyboard in Resources */ = {isa = PBXBuildFile; fileRef = 7A77BCCB199E449E00ACAFEC /* Main.storyboard */; };
		7A77BCCF199E449E00ACAFEC /* Images.xcassets in Resources */ = {isa = PBXBuildFile; fileRef = 7A77BCCE199E449E00ACAFEC /* Images.xcassets */; };
		7A77BCDB199E449E00ACAFEC /* CoreDataSwiftTests.swift in Sources */ = {isa = PBXBuildFile; fileRef = 7A77BCDA199E449E00ACAFEC /* CoreDataSwiftTests.swift */; };
/* End PBXBuildFile section */

/* Begin PBXContainerItemProxy section */
		7A77BCD5199E449E00ACAFEC /* PBXContainerItemProxy */ = {
			isa = PBXContainerItemProxy;
			containerPortal = 7A77BCB7199E449E00ACAFEC /* Project object */;
			proxyType = 1;
			remoteGlobalIDString = 7A77BCBE199E449E00ACAFEC;
			remoteInfo = CoreDataSwift;
		};
/* End PBXContainerItemProxy section */

/* Begin PBXFileReference section */
		7A77BCBF199E449E00ACAFEC /* CoreDataSwift.app */ = {isa = PBXFileReference; explicitFileType = wrapper.application; includeInIndex = 0; path = CoreDataSwift.app; sourceTree = BUILT_PRODUCTS_DIR; };
		7A77BCC3199E449E00ACAFEC /* Info.plist */ = {isa = PBXFileReference; lastKnownFileType = text.plist.xml; path = Info.plist; sourceTree = "<group>"; };
		7A77BCC4199E449E00ACAFEC /* AppDelegate.swift */ = {isa = PBXFileReference; lastKnownFileType = sourcecode.swift; path = AppDelegate.swift; sourceTree = "<group>"; };
		7A77BCC7199E449E00ACAFEC /* CoreDataSwift.xcdatamodel */ = {isa = PBXFileReference; lastKnownFileType = wrapper.xcdatamodel; path = CoreDataSwift.xcdatamodel; sourceTree = "<group>"; };
		7A77BCC9199E449E00ACAFEC /* ViewController.swift */ = {isa = PBXFileReference; lastKnownFileType = sourcecode.swift; path = ViewController.swift; sourceTree = "<group>"; };
		7A77BCCC199E449E00ACAFEC /* Base */ = {isa = PBXFileReference; lastKnownFileType = file.storyboard; name = Base; path = Base.lproj/Main.storyboard; sourceTree = "<group>"; };
		7A77BCCE199E449E00ACAFEC /* Images.xcassets */ = {isa = PBXFileReference; lastKnownFileType = folder.assetcatalog; path = Images.xcassets; sourceTree = "<group>"; };
		7A77BCD4199E449E00ACAFEC /* CoreDataSwiftTests.xctest */ = {isa = PBXFileReference; explicitFileType = wrapper.cfbundle; includeInIndex = 0; path = CoreDataSwiftTests.xctest; sourceTree = BUILT_PRODUCTS_DIR; };
		7A77BCD9199E449E00ACAFEC /* Info.plist */ = {isa = PBXFileReference; lastKnownFileType = text.plist.xml; path = Info.plist; sourceTree = "<group>"; };
		7A77BCDA199E449E00ACAFEC /* CoreDataSwiftTests.swift */ = {isa = PBXFileReference; lastKnownFileType = sourcecode.swift; path = CoreDataSwiftTests.swift; sourceTree = "<group>"; };
/* End PBXFileReference section */

/* Begin PBXFrameworksBuildPhase section */
		7A77BCBC199E449E00ACAFEC /* Frameworks */ = {
			isa = PBXFrameworksBuildPhase;
			buildActionMask = 2147483647;
			files = (
			);
			runOnlyForDeploymentPostprocessing = 0;
		};
		7A77BCD1199E449E00ACAFEC /* Frameworks */ = {
			isa = PBXFrameworksBuildPhase;
			buildActionMask = 2147483647;
			files = (
			);
			runOnlyForDeploymentPostprocessing = 0;
		};
/* End PBXFrameworksBuildPhase section */

/* Begin PBXGroup section */
		7A77BCB6199E449E00ACAFEC = {
			isa = PBXGroup;
			children = (
				7A77BCC1199E449E00ACAFEC /* CoreDataSwift */,
				7A77BCD7199E449E00ACAFEC /* CoreDataSwiftTests */,
				7A77BCC0199E449E00ACAFEC /* Products */,
			);
			sourceTree = "<group>";
		};
		7A77BCC0199E449E00ACAFEC /* Products */ = {
			isa = PBXGroup;
			children = (
				7A77BCBF199E449E00ACAFEC /* CoreDataSwift.app */,
				7A77BCD4199E449E00ACAFEC /* CoreDataSwiftTests.xctest */,
			);
			name = Products;
			sourceTree = "<group>";
		};
		7A77BCC1199E449E00ACAFEC /* CoreDataSwift */ = {
			isa = PBXGroup;
			children = (
				7A77BCC4199E449E00ACAFEC /* AppDelegate.swift */,
				7A77BCC9199E449E00ACAFEC /* ViewController.swift */,
				7A77BCCB199E449E00ACAFEC /* Main.storyboard */,
				7A77BCCE199E449E00ACAFEC /* Images.xcassets */,
				7A77BCC6199E449E00ACAFEC /* CoreDataSwift.xcdatamodeld */,
				7A77BCC2199E449E00ACAFEC /* Supporting Files */,
			);
			path = CoreDataSwift;
			sourceTree = "<group>";
		};
		7A77BCC2199E449E00ACAFEC /* Supporting Files */ = {
			isa = PBXGroup;
			children = (
				7A77BCC3199E449E00ACAFEC /* Info.plist */,
			);
			name = "Supporting Files";
			sourceTree = "<group>";
		};
		7A77BCD7199E449E00ACAFEC /* CoreDataSwiftTests */ = {
			isa = PBXGroup;
			children = (
				7A77BCDA199E449E00ACAFEC /* CoreDataSwiftTests.swift */,
				7A77BCD8199E449E00ACAFEC /* Supporting Files */,
			);
			path = CoreDataSwiftTests;
			sourceTree = "<group>";
		};
		7A77BCD8199E449E00ACAFEC /* Supporting Files */ = {
			isa = PBXGroup;
			children = (
				7A77BCD9199E449E00ACAFEC /* Info.plist */,
			);
			name = "Supporting Files";
			sourceTree = "<group>";
		};
/* End PBXGroup section */

/* Begin PBXNativeTarget section */
		7A77BCBE199E449E00ACAFEC /* CoreDataSwift */ = {
			isa = PBXNativeTarget;
			buildConfigurationList = 7A77BCDE199E449E00ACAFEC /* Build configuration list for PBXNativeTarget "CoreDataSwift" */;
			buildPhases = (
				7A77BCBB199E449E00ACAFEC /* Sources */,
				7A77BCBC199E449E00ACAFEC /* Frameworks */,
				7A77BCBD199E449E00ACAFEC /* Resources */,
			);
			buildRules = (
			);
			dependencies = (
			);
			name = CoreDataSwift;
			productName = CoreDataSwift;
			productReference = 7A77BCBF199E449E00ACAFEC /* CoreDataSwift.app */;
			productType = "com.apple.product-type.application";
		};
		7A77BCD3199E449E00ACAFEC /* CoreDataSwiftTests */ = {
			isa = PBXNativeTarget;
			buildConfigurationList = 7A77BCE1199E449E00ACAFEC /* Build configuration list for PBXNativeTarget "CoreDataSwiftTests" */;
			buildPhases = (
				7A77BCD0199E449E00ACAFEC /* Sources */,
				7A77BCD1199E449E00ACAFEC /* Frameworks */,
				7A77BCD2199E449E00ACAFEC /* Resources */,
			);
			buildRules = (
			);
			dependencies = (
				7A77BCD6199E449E00ACAFEC /* PBXTargetDependency */,
			);
			name = CoreDataSwiftTests;
			productName = CoreDataSwiftTests;
			productReference = 7A77BCD4199E449E00ACAFEC /* CoreDataSwiftTests.xctest */;
			productType = "com.apple.product-type.bundle.unit-test";
		};
/* End PBXNativeTarget section */

/* Begin PBXProject section */
		7A77BCB7199E449E00ACAFEC /* Project object */ = {
			isa = PBXProject;
			attributes = {
				LastUpgradeCheck = 0600;
				ORGANIZATIONNAME = "Eric Goeckritz";
				TargetAttributes = {
					7A77BCBE199E449E00ACAFEC = {
						CreatedOnToolsVersion = 6.0;
					};
					7A77BCD3199E449E00ACAFEC = {
						CreatedOnToolsVersion = 6.0;
						TestTargetID = 7A77BCBE199E449E00ACAFEC;
					};
				};
			};
			buildConfigurationList = 7A77BCBA199E449E00ACAFEC /* Build configuration list for PBXProject "CoreDataSwift" */;
			compatibilityVersion = "Xcode 3.2";
			developmentRegion = English;
			hasScannedForEncodings = 0;
			knownRegions = (
				en,
				Base,
			);
			mainGroup = 7A77BCB6199E449E00ACAFEC;
			productRefGroup = 7A77BCC0199E449E00ACAFEC /* Products */;
			projectDirPath = "";
			projectRoot = "";
			targets = (
				7A77BCBE199E449E00ACAFEC /* CoreDataSwift */,
				7A77BCD3199E449E00ACAFEC /* CoreDataSwiftTests */,
			);
		};
/* End PBXProject section */

/* Begin PBXResourcesBuildPhase section */
		7A77BCBD199E449E00ACAFEC /* Resources */ = {
			isa = PBXResourcesBuildPhase;
			buildActionMask = 2147483647;
			files = (
				7A77BCCD199E449E00ACAFEC /* Main.storyboard in Resources */,
				7A77BCCF199E449E00ACAFEC /* Images.xcassets in Resources */,
			);
			runOnlyForDeploymentPostprocessing = 0;
		};
		7A77BCD2199E449E00ACAFEC /* Resources */ = {
			isa = PBXResourcesBuildPhase;
			buildActionMask = 2147483647;
			files = (
			);
			runOnlyForDeploymentPostprocessing = 0;
		};
/* End PBXResourcesBuildPhase section */

/* Begin PBXSourcesBuildPhase section */
		7A77BCBB199E449E00ACAFEC /* Sources */ = {
			isa = PBXSourcesBuildPhase;
			buildActionMask = 2147483647;
			files = (
				7A77BCCA199E449E00ACAFEC /* ViewController.swift in Sources */,
				7A77BCC8199E449E00ACAFEC /* CoreDataSwift.xcdatamodeld in Sources */,
				7A77BCC5199E449E00ACAFEC /* AppDelegate.swift in Sources */,
			);
			runOnlyForDeploymentPostprocessing = 0;
		};
		7A77BCD0199E449E00ACAFEC /* Sources */ = {
			isa = PBXSourcesBuildPhase;
			buildActionMask = 2147483647;
			files = (
				7A77BCDB199E449E00ACAFEC /* CoreDataSwiftTests.swift in Sources */,
			);
			runOnlyForDeploymentPostprocessing = 0;
		};
/* End PBXSourcesBuildPhase section */

/* Begin PBXTargetDependency section */
		7A77BCD6199E449E00ACAFEC /* PBXTargetDependency */ = {
			isa = PBXTargetDependency;
			target = 7A77BCBE199E449E00ACAFEC /* CoreDataSwift */;
			targetProxy = 7A77BCD5199E449E00ACAFEC /* PBXContainerItemProxy */;
		};
/* End PBXTargetDependency section */

/* Begin PBXVariantGroup section */
		7A77BCCB199E449E00ACAFEC /* Main.storyboard */ = {
			isa = PBXVariantGroup;
			children = (
				7A77BCCC199E449E00ACAFEC /* Base */,
			);
			name = Main.storyboard;
			sourceTree = "<group>";
		};
/* End PBXVariantGroup section */

/* Begin XCBuildConfiguration section */
		7A77BCDC199E449E00ACAFEC /* Debug */ = {
			isa = XCBuildConfiguration;
			buildSettings = {
				ALWAYS_SEARCH_USER_PATHS = NO;
				CLANG_CXX_LANGUAGE_STANDARD = "gnu++0x";
				CLANG_CXX_LIBRARY = "libc++";
				CLANG_ENABLE_MODULES = YES;
				CLANG_ENABLE_OBJC_ARC = YES;
				CLANG_WARN_BOOL_CONVERSION = YES;
				CLANG_WARN_CONSTANT_CONVERSION = YES;
				CLANG_WARN_DIRECT_OBJC_ISA_USAGE = YES_ERROR;
				CLANG_WARN_EMPTY_BODY = YES;
				CLANG_WARN_ENUM_CONVERSION = YES;
				CLANG_WARN_INT_CONVERSION = YES;
				CLANG_WARN_OBJC_ROOT_CLASS = YES_ERROR;
				CLANG_WARN_UNREACHABLE_CODE = YES;
				CLANG_WARN__DUPLICATE_METHOD_MATCH = YES;
				"CODE_SIGN_IDENTITY[sdk=iphoneos*]" = "iPhone Developer";
				COPY_PHASE_STRIP = NO;
				ENABLE_STRICT_OBJC_MSGSEND = YES;
				GCC_C_LANGUAGE_STANDARD = gnu99;
				GCC_DYNAMIC_NO_PIC = NO;
				GCC_OPTIMIZATION_LEVEL = 0;
				GCC_PREPROCESSOR_DEFINITIONS = (
					"DEBUG=1",
					"$(inherited)",
				);
				GCC_SYMBOLS_PRIVATE_EXTERN = NO;
				GCC_WARN_64_TO_32_BIT_CONVERSION = YES;
				GCC_WARN_ABOUT_RETURN_TYPE = YES_ERROR;
				GCC_WARN_UNDECLARED_SELECTOR = YES;
				GCC_WARN_UNINITIALIZED_AUTOS = YES_AGGRESSIVE;
				GCC_WARN_UNUSED_FUNCTION = YES;
				GCC_WARN_UNUSED_VARIABLE = YES;
				IPHONEOS_DEPLOYMENT_TARGET = 8.0;
				MTL_ENABLE_DEBUG_INFO = YES;
				ONLY_ACTIVE_ARCH = YES;
				SDKROOT = iphoneos;
				SWIFT_OPTIMIZATION_LEVEL = "-Onone";
			};
			name = Debug;
		};
		7A77BCDD199E449E00ACAFEC /* Release */ = {
			isa = XCBuildConfiguration;
			buildSettings = {
				ALWAYS_SEARCH_USER_PATHS = NO;
				CLANG_CXX_LANGUAGE_STANDARD = "gnu++0x";
				CLANG_CXX_LIBRARY = "libc++";
				CLANG_ENABLE_MODULES = YES;
				CLANG_ENABLE_OBJC_ARC = YES;
				CLANG_WARN_BOOL_CONVERSION = YES;
				CLANG_WARN_CONSTANT_CONVERSION = YES;
				CLANG_WARN_DIRECT_OBJC_ISA_USAGE = YES_ERROR;
				CLANG_WARN_EMPTY_BODY = YES;
				CLANG_WARN_ENUM_CONVERSION = YES;
				CLANG_WARN_INT_CONVERSION = YES;
				CLANG_WARN_OBJC_ROOT_CLASS = YES_ERROR;
				CLANG_WARN_UNREACHABLE_CODE = YES;
				CLANG_WARN__DUPLICATE_METHOD_MATCH = YES;
				"CODE_SIGN_IDENTITY[sdk=iphoneos*]" = "iPhone Developer";
				COPY_PHASE_STRIP = YES;
				ENABLE_NS_ASSERTIONS = NO;
				ENABLE_STRICT_OBJC_MSGSEND = YES;
				GCC_C_LANGUAGE_STANDARD = gnu99;
				GCC_WARN_64_TO_32_BIT_CONVERSION = YES;
				GCC_WARN_ABOUT_RETURN_TYPE = YES_ERROR;
				GCC_WARN_UNDECLARED_SELECTOR = YES;
				GCC_WARN_UNINITIALIZED_AUTOS = YES_AGGRESSIVE;
				GCC_WARN_UNUSED_FUNCTION = YES;
				GCC_WARN_UNUSED_VARIABLE = YES;
				IPHONEOS_DEPLOYMENT_TARGET = 8.0;
				MTL_ENABLE_DEBUG_INFO = NO;
				SDKROOT = iphoneos;
				VALIDATE_PRODUCT = YES;
			};
			name = Release;
		};
		7A77BCDF199E449E00ACAFEC /* Debug */ = {
			isa = XCBuildConfiguration;
			buildSettings = {
				ASSETCATALOG_COMPILER_APPICON_NAME = AppIcon;
				ASSETCATALOG_COMPILER_LAUNCHIMAGE_NAME = LaunchImage;
				INFOPLIST_FILE = CoreDataSwift/Info.plist;
				LD_RUNPATH_SEARCH_PATHS = "$(inherited) @executable_path/Frameworks";
				PRODUCT_NAME = "$(TARGET_NAME)";
			};
			name = Debug;
		};
		7A77BCE0199E449E00ACAFEC /* Release */ = {
			isa = XCBuildConfiguration;
			buildSettings = {
				ASSETCATALOG_COMPILER_APPICON_NAME = AppIcon;
				ASSETCATALOG_COMPILER_LAUNCHIMAGE_NAME = LaunchImage;
				INFOPLIST_FILE = CoreDataSwift/Info.plist;
				LD_RUNPATH_SEARCH_PATHS = "$(inherited) @executable_path/Frameworks";
				PRODUCT_NAME = "$(TARGET_NAME)";
			};
			name = Release;
		};
		7A77BCE2199E449E00ACAFEC /* Debug */ = {
			isa = XCBuildConfiguration;
			buildSettings = {
				BUNDLE_LOADER = "$(TEST_HOST)";
				FRAMEWORK_SEARCH_PATHS = (
					"$(SDKROOT)/Developer/Library/Frameworks",
					"$(inherited)",
				);
				GCC_PREPROCESSOR_DEFINITIONS = (
					"DEBUG=1",
					"$(inherited)",
				);
				INFOPLIST_FILE = CoreDataSwiftTests/Info.plist;
				LD_RUNPATH_SEARCH_PATHS = "$(inherited) @executable_path/Frameworks @loader_path/Frameworks";
				PRODUCT_NAME = "$(TARGET_NAME)";
				TEST_HOST = "$(BUILT_PRODUCTS_DIR)/CoreDataSwift.app/CoreDataSwift";
			};
			name = Debug;
		};
		7A77BCE3199E449E00ACAFEC /* Release */ = {
			isa = XCBuildConfiguration;
			buildSettings = {
				BUNDLE_LOADER = "$(TEST_HOST)";
				FRAMEWORK_SEARCH_PATHS = (
					"$(SDKROOT)/Developer/Library/Frameworks",
					"$(inherited)",
				);
				INFOPLIST_FILE = CoreDataSwiftTests/Info.plist;
				LD_RUNPATH_SEARCH_PATHS = "$(inherited) @executable_path/Frameworks @loader_path/Frameworks";
				PRODUCT_NAME = "$(TARGET_NAME)";
				TEST_HOST = "$(BUILT_PRODUCTS_DIR)/CoreDataSwift.app/CoreDataSwift";
			};
			name = Release;
		};
/* End XCBuildConfiguration section */

/* Begin XCConfigurationList section */
		7A77BCBA199E449E00ACAFEC /* Build configuration list for PBXProject "CoreDataSwift" */ = {
			isa = XCConfigurationList;
			buildConfigurations = (
				7A77BCDC199E449E00ACAFEC /* Debug */,
				7A77BCDD199E449E00ACAFEC /* Release */,
			);
			defaultConfigurationIsVisible = 0;
			defaultConfigurationName = Release;
		};
		7A77BCDE199E449E00ACAFEC /* Build configuration list for PBXNativeTarget "CoreDataSwift" */ = {
			isa = XCConfigurationList;
			buildConfigurations = (
				7A77BCDF199E449E00ACAFEC /* Debug */,
				7A77BCE0199E449E00ACAFEC /* Release */,
			);
			defaultConfigurationIsVisible = 0;
		};
		7A77BCE1199E449E00ACAFEC /* Build configuration list for PBXNativeTarget "CoreDataSwiftTests" */ = {
			isa = XCConfigurationList;
			buildConfigurations = (
				7A77BCE2199E449E00ACAFEC /* Debug */,
				7A77BCE3199E449E00ACAFEC /* Release */,
			);
			defaultConfigurationIsVisible = 0;
		};
/* End XCConfigurationList section */

/* Begin XCVersionGroup section */
		7A77BCC6199E449E00ACAFEC /* CoreDataSwift.xcdatamodeld */ = {
			isa = XCVersionGroup;
			children = (
				7A77BCC7199E449E00ACAFEC /* CoreDataSwift.xcdatamodel */,
			);
			currentVersion = 7A77BCC7199E449E00ACAFEC /* CoreDataSwift.xcdatamodel */;
			path = CoreDataSwift.xcdatamodeld;
			sourceTree = "<group>";
			versionGroupType = wrapper.xcdatamodel;
		};
/* End XCVersionGroup section */
	};
	rootObject = 7A77BCB7199E449E00ACAFEC /* Project object */;
}
